
Microsoft Visual Studio Solution File, Format Version 12.00
# Visual Studio Version 17
VisualStudioVersion = 17.4.33103.184
MinimumVisualStudioVersion = 10.0.40219.1
Project("{FAE04EC0-301F-11D3-BF4B-00C04F79EFBC}") = "WebApplication7", "WebApplication7\WebApplication7.csproj", "{4ED23DEC-9185-42E0-981A-F1EB64BD9929}"
EndProject
Global
	GlobalSection(SolutionConfigurationPlatforms) = preSolution
		Debug|Any CPU = Debug|Any CPU
		Release|Any CPU = Release|Any CPU
	EndGlobalSection
	GlobalSection(ProjectConfigurationPlatforms) = postSolution
		{4ED23DEC-9185-42E0-981A-F1EB64BD9929}.Debug|Any CPU.ActiveCfg = Debug|Any CPU
		{4ED23DEC-9185-42E0-981A-F1EB64BD9929}.Debug|Any CPU.Build.0 = Debug|Any CPU
		{4ED23DEC-9185-42E0-981A-F1EB64BD9929}.Release|Any CPU.ActiveCfg = Release|Any CPU
		{4ED23DEC-9185-42E0-981A-F1EB64BD9929}.Release|Any CPU.Build.0 = Release|Any CPU
	EndGlobalSection
	GlobalSection(SolutionProperties) = preSolution
		HideSolutionNode = FALSE
	EndGlobalSection
	GlobalSection(ExtensibilityGlobals) = postSolution
		SolutionGuid = {59C1E8F8-C877-4A97-B28E-E13FB4E144BB}
	EndGlobalSection
EndGlobal
